
Microsoft Visual Studio Solution File, Format Version 12.00
# Visual Studio Version 17
VisualStudioVersion = 17.4.33110.190
MinimumVisualStudioVersion = 10.0.40219.1
Project("{FAE04EC0-301F-11D3-BF4B-00C04F79EFBC}") = "Qurre.Loader", "Loader\Qurre.Loader.csproj", "{EA0DF5A9-3326-405A-A9C8-6F48904BC671}"
EndProject
Global
	GlobalSection(SolutionConfigurationPlatforms) = preSolution
		Debug|Any CPU = Debug|Any CPU
		Release|Any CPU = Release|Any CPU
	EndGlobalSection
	GlobalSection(ProjectConfigurationPlatforms) = postSolution
		{EA0DF5A9-3326-405A-A9C8-6F48904BC671}.Debug|Any CPU.ActiveCfg = Debug|Any CPU
		{EA0DF5A9-3326-405A-A9C8-6F48904BC671}.Debug|Any CPU.Build.0 = Debug|Any CPU
		{EA0DF5A9-3326-405A-A9C8-6F48904BC671}.Release|Any CPU.ActiveCfg = Release|Any CPU
		{EA0DF5A9-3326-405A-A9C8-6F48904BC671}.Release|Any CPU.Build.0 = Release|Any CPU
	EndGlobalSection
	GlobalSection(SolutionProperties) = preSolution
		HideSolutionNode = FALSE
	EndGlobalSection
	GlobalSection(ExtensibilityGlobals) = postSolution
		SolutionGuid = {45B48DF2-BE3C-42B8-9EEE-E09435F77A14}
	EndGlobalSection
EndGlobal
